
Microsoft Visual Studio Solution File, Format Version 12.00
# Visual Studio Version 17
VisualStudioVersion = 17.4.33122.133
MinimumVisualStudioVersion = 10.0.40219.1
Project("{FAE04EC0-301F-11D3-BF4B-00C04F79EFBC}") = "MiniProject", "MiniProject\MiniProject.csproj", "{11F39904-0A76-4E46-9285-F6A890432D12}"
EndProject
Project("{FAE04EC0-301F-11D3-BF4B-00C04F79EFBC}") = "Domain", "Domain\Domain.csproj", "{F21CF1FC-8ACE-422D-98F5-248AE38D025A}"
EndProject
Project("{FAE04EC0-301F-11D3-BF4B-00C04F79EFBC}") = "RepositoryLayer", "RepositoryLayer\RepositoryLayer.csproj", "{946622CC-F5E0-4AE0-9E64-C4A06AB3CC7A}"
EndProject
Project("{FAE04EC0-301F-11D3-BF4B-00C04F79EFBC}") = "ServiceLayer", "Services\ServiceLayer.csproj", "{4E77F36A-986F-4799-8544-667A78434A1C}"
EndProject
Global
	GlobalSection(SolutionConfigurationPlatforms) = preSolution
		Debug|Any CPU = Debug|Any CPU
		Release|Any CPU = Release|Any CPU
	EndGlobalSection
	GlobalSection(ProjectConfigurationPlatforms) = postSolution
		{11F39904-0A76-4E46-9285-F6A890432D12}.Debug|Any CPU.ActiveCfg = Debug|Any CPU
		{11F39904-0A76-4E46-9285-F6A890432D12}.Debug|Any CPU.Build.0 = Debug|Any CPU
		{11F39904-0A76-4E46-9285-F6A890432D12}.Release|Any CPU.ActiveCfg = Release|Any CPU
		{11F39904-0A76-4E46-9285-F6A890432D12}.Release|Any CPU.Build.0 = Release|Any CPU
		{F21CF1FC-8ACE-422D-98F5-248AE38D025A}.Debug|Any CPU.ActiveCfg = Debug|Any CPU
		{F21CF1FC-8ACE-422D-98F5-248AE38D025A}.Debug|Any CPU.Build.0 = Debug|Any CPU
		{F21CF1FC-8ACE-422D-98F5-248AE38D025A}.Release|Any CPU.ActiveCfg = Release|Any CPU
		{F21CF1FC-8ACE-422D-98F5-248AE38D025A}.Release|Any CPU.Build.0 = Release|Any CPU
		{946622CC-F5E0-4AE0-9E64-C4A06AB3CC7A}.Debug|Any CPU.ActiveCfg = Debug|Any CPU
		{946622CC-F5E0-4AE0-9E64-C4A06AB3CC7A}.Debug|Any CPU.Build.0 = Debug|Any CPU
		{946622CC-F5E0-4AE0-9E64-C4A06AB3CC7A}.Release|Any CPU.ActiveCfg = Release|Any CPU
		{946622CC-F5E0-4AE0-9E64-C4A06AB3CC7A}.Release|Any CPU.Build.0 = Release|Any CPU
		{4E77F36A-986F-4799-8544-667A78434A1C}.Debug|Any CPU.ActiveCfg = Debug|Any CPU
		{4E77F36A-986F-4799-8544-667A78434A1C}.Debug|Any CPU.Build.0 = Debug|Any CPU
		{4E77F36A-986F-4799-8544-667A78434A1C}.Release|Any CPU.ActiveCfg = Release|Any CPU
		{4E77F36A-986F-4799-8544-667A78434A1C}.Release|Any CPU.Build.0 = Release|Any CPU
	EndGlobalSection
	GlobalSection(SolutionProperties) = preSolution
		HideSolutionNode = FALSE
	EndGlobalSection
	GlobalSection(ExtensibilityGlobals) = postSolution
		SolutionGuid = {FAF866DB-D65F-42F6-8D14-7C3F1C5570A0}
	EndGlobalSection
EndGlobal
